# THIS IS AN AUTOGENERATED FILE. DO NOT EDIT THIS FILE DIRECTLY.
# yarn lockfile v1


"@next/third-parties@^15.5.4":
  version "15.5.4"
  resolved "https://registry.yarnpkg.com/@next/third-parties/-/third-parties-15.5.4.tgz#a6eb17336d707d92ca88709939f0439cf0841fa0"
  integrity sha512-l3T1M/EA32phPzZx+gkQAWOF3E5iAULL1nX4Ej0JZQOXaBwwJzb/rd2uefr5TAshJj/+HjjwmdFu7olXudvgVg==
  dependencies:
    third-party-capital "1.0.20"

third-party-capital@1.0.20:
  version "1.0.20"
  resolved "https://registry.yarnpkg.com/third-party-capital/-/third-party-capital-1.0.20.tgz#e218a929a35bf4d2245da9addb8ab978d2f41685"
  integrity sha512-oB7yIimd8SuGptespDAZnNkzIz+NWaJCu2RMsbs4Wmp9zSDUM8Nhi3s2OOcqYuv3mN4hitXc8DVx+LyUmbUDiA==
